<?xml version="1.0" encoding="UTF-8" standalone="yes" ?>
<CodeBlocks_project_file>
	<FileVersion major="1" minor="6" />
	<Project>
		<Option title="Max_mean_dispersion" />
		<Option pch_mode="2" />
		<Option compiler="gcc" />
		<Build>
			<Target title="Debug">
				<Option output="bin/Debug/Max_mean_dispersion" prefix_auto="1" extension_auto="1" />
				<Option object_output="obj/Debug/" />
				<Option type="1" />
				<Option compiler="gcc" />
				<Compiler>
					<Add option="-g" />
					<Add directory="include" />
				</Compiler>
			</Target>
			<Target title="Release">
				<Option output="bin/Release/Max_mean_dispersion" prefix_auto="1" extension_auto="1" />
				<Option object_output="obj/Release/" />
				<Option type="1" />
				<Option compiler="gcc" />
				<Compiler>
					<Add option="-O2" />
					<Add directory="include" />
				</Compiler>
				<Linker>
					<Add option="-s" />
				</Linker>
			</Target>
		</Build>
		<Compiler>
			<Add option="-Wall" />
			<Add option="-fexceptions" />
		</Compiler>
		<Unit filename="include/Catch.h">
			<Option target="Debug" />
		</Unit>
		<Unit filename="include/GRASP_fw.h" />
		<Unit filename="include/Graph.h" />
		<Unit filename="include/Greedy_fw.h" />
		<Unit filename="include/LocalSearch_fw.h" />
		<Unit filename="include/Node_basic.h" />
		<Unit filename="include/RandomGreedy.h" />
		<Unit filename="include/Solution.h" />
		<Unit filename="include/SymmetricGraph_Loader.h" />
		<Unit filename="include/Symmetric_connected_graph.h" />
		<Unit filename="include/node.h" />
		<Unit filename="include/vertice.h" />
		<Unit filename="inputFiles/max-mean-div-10.txt" />
		<Unit filename="inputFiles/max-mean-div-15.txt" />
		<Unit filename="inputFiles/max-mean-div-20.txt" />
		<Unit filename="main.cpp">
			<Option target="Release" />
		</Unit>
		<Unit filename="src/GRASP_fw.cpp" />
		<Unit filename="src/Graph.cpp" />
		<Unit filename="src/Greedy_fw.cpp" />
		<Unit filename="src/LocalSearch_fw.cpp" />
		<Unit filename="src/Node_basic.cpp" />
		<Unit filename="src/RandomGreedy.cpp" />
		<Unit filename="src/Solution.cpp" />
		<Unit filename="src/SymmetricGraph_Loader.cpp" />
		<Unit filename="src/Symmetric_connected_graph.cpp" />
		<Unit filename="src/vertice.cpp" />
		<Unit filename="test.cpp">
			<Option target="Debug" />
		</Unit>
		<Extensions>
			<envvars />
			<code_completion />
			<debugger />
			<lib_finder disable_auto="1" />
		</Extensions>
	</Project>
</CodeBlocks_project_file>
